// !$*UTF8*$!
{
	archiveVersion = 1;
	classes = {
	};
	objectVersion = 56;
	objects = {

/* Begin PBXBuildFile section */
		0486C943298948A60010A87E /* SnapKit in Frameworks */ = {isa = PBXBuildFile; productRef = 0486C942298948A60010A87E /* SnapKit */; };
		0486C94529894F2E0010A87E /* Model.swift in Sources */ = {isa = PBXBuildFile; fileRef = 0486C94429894F2E0010A87E /* Model.swift */; };
		0486C953298AD95A0010A87E /* MyAlbumCell.swift in Sources */ = {isa = PBXBuildFile; fileRef = 0486C952298AD95A0010A87E /* MyAlbumCell.swift */; };
		0486C955298AD9E50010A87E /* MediaUtilitiesCell.swift in Sources */ = {isa = PBXBuildFile; fileRef = 0486C954298AD9E50010A87E /* MediaUtilitiesCell.swift */; };
		04A2C7A92995103200D03E95 /* HeaderCollection.swift in Sources */ = {isa = PBXBuildFile; fileRef = 04A2C7A82995103200D03E95 /* HeaderCollection.swift */; };
		04A2C7B029A2AA5200D03E95 /* TabBarController.swift in Sources */ = {isa = PBXBuildFile; fileRef = 04A2C7AF29A2AA5200D03E95 /* TabBarController.swift */; };
		04A2C7B429A2B09100D03E95 /* LibraryViewController.swift in Sources */ = {isa = PBXBuildFile; fileRef = 04A2C7B329A2B09100D03E95 /* LibraryViewController.swift */; };
		04A2C7B629A2B13E00D03E95 /* ForYouViewController.swift in Sources */ = {isa = PBXBuildFile; fileRef = 04A2C7B529A2B13E00D03E95 /* ForYouViewController.swift */; };
		04A2C7B829A2B17100D03E95 /* SearchViewController.swift in Sources */ = {isa = PBXBuildFile; fileRef = 04A2C7B729A2B17100D03E95 /* SearchViewController.swift */; };
		04A2C7BA29A3887F00D03E95 /* DetailViewController.swift in Sources */ = {isa = PBXBuildFile; fileRef = 04A2C7B929A3887F00D03E95 /* DetailViewController.swift */; };
		04E85EF229893970004AB74E /* AppDelegate.swift in Sources */ = {isa = PBXBuildFile; fileRef = 04E85EF129893970004AB74E /* AppDelegate.swift */; };
		04E85EF429893970004AB74E /* SceneDelegate.swift in Sources */ = {isa = PBXBuildFile; fileRef = 04E85EF329893970004AB74E /* SceneDelegate.swift */; };
		04E85EF629893970004AB74E /* AlbumsViewController.swift in Sources */ = {isa = PBXBuildFile; fileRef = 04E85EF529893970004AB74E /* AlbumsViewController.swift */; };
		04E85EFB29893971004AB74E /* Assets.xcassets in Resources */ = {isa = PBXBuildFile; fileRef = 04E85EFA29893971004AB74E /* Assets.xcassets */; };
		04E85EFE29893971004AB74E /* LaunchScreen.storyboard in Resources */ = {isa = PBXBuildFile; fileRef = 04E85EFC29893971004AB74E /* LaunchScreen.storyboard */; };
/* End PBXBuildFile section */

/* Begin PBXFileReference section */
		0486C94429894F2E0010A87E /* Model.swift */ = {isa = PBXFileReference; lastKnownFileType = sourcecode.swift; path = Model.swift; sourceTree = "<group>"; };
		0486C952298AD95A0010A87E /* MyAlbumCell.swift */ = {isa = PBXFileReference; lastKnownFileType = sourcecode.swift; path = MyAlbumCell.swift; sourceTree = "<group>"; };
		0486C954298AD9E50010A87E /* MediaUtilitiesCell.swift */ = {isa = PBXFileReference; lastKnownFileType = sourcecode.swift; path = MediaUtilitiesCell.swift; sourceTree = "<group>"; };
		04A2C7A82995103200D03E95 /* HeaderCollection.swift */ = {isa = PBXFileReference; lastKnownFileType = sourcecode.swift; path = HeaderCollection.swift; sourceTree = "<group>"; };
		04A2C7AF29A2AA5200D03E95 /* TabBarController.swift */ = {isa = PBXFileReference; lastKnownFileType = sourcecode.swift; path = TabBarController.swift; sourceTree = "<group>"; };
		04A2C7B329A2B09100D03E95 /* LibraryViewController.swift */ = {isa = PBXFileReference; lastKnownFileType = sourcecode.swift; path = LibraryViewController.swift; sourceTree = "<group>"; };
		04A2C7B529A2B13E00D03E95 /* ForYouViewController.swift */ = {isa = PBXFileReference; lastKnownFileType = sourcecode.swift; path = ForYouViewController.swift; sourceTree = "<group>"; };
		04A2C7B729A2B17100D03E95 /* SearchViewController.swift */ = {isa = PBXFileReference; lastKnownFileType = sourcecode.swift; path = SearchViewController.swift; sourceTree = "<group>"; };
		04A2C7B929A3887F00D03E95 /* DetailViewController.swift */ = {isa = PBXFileReference; lastKnownFileType = sourcecode.swift; path = DetailViewController.swift; sourceTree = "<group>"; };
		04E85EEE29893970004AB74E /* PhotoGalleryApp.app */ = {isa = PBXFileReference; explicitFileType = wrapper.application; includeInIndex = 0; path = PhotoGalleryApp.app; sourceTree = BUILT_PRODUCTS_DIR; };
		04E85EF129893970004AB74E /* AppDelegate.swift */ = {isa = PBXFileReference; lastKnownFileType = sourcecode.swift; path = AppDelegate.swift; sourceTree = "<group>"; };
		04E85EF329893970004AB74E /* SceneDelegate.swift */ = {isa = PBXFileReference; lastKnownFileType = sourcecode.swift; path = SceneDelegate.swift; sourceTree = "<group>"; };
		04E85EF529893970004AB74E /* AlbumsViewController.swift */ = {isa = PBXFileReference; lastKnownFileType = sourcecode.swift; path = AlbumsViewController.swift; sourceTree = "<group>"; };
		04E85EFA29893971004AB74E /* Assets.xcassets */ = {isa = PBXFileReference; lastKnownFileType = folder.assetcatalog; path = Assets.xcassets; sourceTree = "<group>"; };
		04E85EFD29893971004AB74E /* Base */ = {isa = PBXFileReference; lastKnownFileType = file.storyboard; name = Base; path = Base.lproj/LaunchScreen.storyboard; sourceTree = "<group>"; };
		04E85EFF29893971004AB74E /* Info.plist */ = {isa = PBXFileReference; lastKnownFileType = text.plist.xml; path = Info.plist; sourceTree = "<group>"; };
/* End PBXFileReference section */

/* Begin PBXFrameworksBuildPhase section */
		04E85EEB29893970004AB74E /* Frameworks */ = {
			isa = PBXFrameworksBuildPhase;
			buildActionMask = 2147483647;
			files = (
				0486C943298948A60010A87E /* SnapKit in Frameworks */,
			);
			runOnlyForDeploymentPostprocessing = 0;
		};
/* End PBXFrameworksBuildPhase section */

/* Begin PBXGroup section */
		04214D112989463E00F27E88 /* Resources */ = {
			isa = PBXGroup;
			children = (
				04214D132989465C00F27E88 /* App */,
				04E85EFF29893971004AB74E /* Info.plist */,
				04E85EFC29893971004AB74E /* LaunchScreen.storyboard */,
				04E85EFA29893971004AB74E /* Assets.xcassets */,
			);
			path = Resources;
			sourceTree = "<group>";
		};
		04214D122989464C00F27E88 /* Sources */ = {
			isa = PBXGroup;
			children = (
				0486C9472989569A0010A87E /* MainModul */,
				0486C946298950DB0010A87E /* View */,
			);
			path = Sources;
			sourceTree = "<group>";
		};
		04214D132989465C00F27E88 /* App */ = {
			isa = PBXGroup;
			children = (
				04E85EF129893970004AB74E /* AppDelegate.swift */,
				04E85EF329893970004AB74E /* SceneDelegate.swift */,
			);
			path = App;
			sourceTree = "<group>";
		};
		0486C946298950DB0010A87E /* View */ = {
			isa = PBXGroup;
			children = (
				04A2C7B229A2AFC200D03E95 /* ViewControllers */,
				04A2C7B129A2AC1700D03E95 /* TabBarController */,
				04A2C7AE29A2AA1F00D03E95 /* Cells */,
			);
			path = View;
			sourceTree = "<group>";
		};
		0486C9472989569A0010A87E /* MainModul */ = {
			isa = PBXGroup;
			children = (
				0486C94429894F2E0010A87E /* Model.swift */,
			);
			path = MainModul;
			sourceTree = "<group>";
		};
		04A2C7AE29A2AA1F00D03E95 /* Cells */ = {
			isa = PBXGroup;
			children = (
				04A2C7A82995103200D03E95 /* HeaderCollection.swift */,
				0486C954298AD9E50010A87E /* MediaUtilitiesCell.swift */,
				0486C952298AD95A0010A87E /* MyAlbumCell.swift */,
			);
			path = Cells;
			sourceTree = "<group>";
		};
		04A2C7B129A2AC1700D03E95 /* TabBarController */ = {
			isa = PBXGroup;
			children = (
				04A2C7AF29A2AA5200D03E95 /* TabBarController.swift */,
			);
			path = TabBarController;
			sourceTree = "<group>";
		};
		04A2C7B229A2AFC200D03E95 /* ViewControllers */ = {
			isa = PBXGroup;
			children = (
				04A2C7B329A2B09100D03E95 /* LibraryViewController.swift */,
				04A2C7B529A2B13E00D03E95 /* ForYouViewController.swift */,
				04E85EF529893970004AB74E /* AlbumsViewController.swift */,
				04A2C7B729A2B17100D03E95 /* SearchViewController.swift */,
				04A2C7B929A3887F00D03E95 /* DetailViewController.swift */,
			);
			path = ViewControllers;
			sourceTree = "<group>";
		};
		04E85EE529893970004AB74E = {
			isa = PBXGroup;
			children = (
				04E85EF029893970004AB74E /* PhotoGalleryApp */,
				04E85EEF29893970004AB74E /* Products */,
			);
			sourceTree = "<group>";
		};
		04E85EEF29893970004AB74E /* Products */ = {
			isa = PBXGroup;
			children = (
				04E85EEE29893970004AB74E /* PhotoGalleryApp.app */,
			);
			name = Products;
			sourceTree = "<group>";
		};
		04E85EF029893970004AB74E /* PhotoGalleryApp */ = {
			isa = PBXGroup;
			children = (
				04214D122989464C00F27E88 /* Sources */,
				04214D112989463E00F27E88 /* Resources */,
			);
			path = PhotoGalleryApp;
			sourceTree = "<group>";
		};
/* End PBXGroup section */

/* Begin PBXNativeTarget section */
		04E85EED29893970004AB74E /* PhotoGalleryApp */ = {
			isa = PBXNativeTarget;
			buildConfigurationList = 04E85F0229893971004AB74E /* Build configuration list for PBXNativeTarget "PhotoGalleryApp" */;
			buildPhases = (
				04E85EEA29893970004AB74E /* Sources */,
				04E85EEB29893970004AB74E /* Frameworks */,
				04E85EEC29893970004AB74E /* Resources */,
			);
			buildRules = (
			);
			dependencies = (
			);
			name = PhotoGalleryApp;
			packageProductDependencies = (
				0486C942298948A60010A87E /* SnapKit */,
			);
			productName = PhotoGalleryApp;
			productReference = 04E85EEE29893970004AB74E /* PhotoGalleryApp.app */;
			productType = "com.apple.product-type.application";
		};
/* End PBXNativeTarget section */

/* Begin PBXProject section */
		04E85EE629893970004AB74E /* Project object */ = {
			isa = PBXProject;
			attributes = {
				BuildIndependentTargetsInParallel = 1;
				LastSwiftUpdateCheck = 1420;
				LastUpgradeCheck = 1420;
				TargetAttributes = {
					04E85EED29893970004AB74E = {
						CreatedOnToolsVersion = 14.2;
					};
				};
			};
			buildConfigurationList = 04E85EE929893970004AB74E /* Build configuration list for PBXProject "PhotoGalleryApp" */;
			compatibilityVersion = "Xcode 14.0";
			developmentRegion = en;
			hasScannedForEncodings = 0;
			knownRegions = (
				en,
				Base,
			);
			mainGroup = 04E85EE529893970004AB74E;
			packageReferences = (
				0486C941298948A60010A87E /* XCRemoteSwiftPackageReference "SnapKit" */,
			);
			productRefGroup = 04E85EEF29893970004AB74E /* Products */;
			projectDirPath = "";
			projectRoot = "";
			targets = (
				04E85EED29893970004AB74E /* PhotoGalleryApp */,
			);
		};
/* End PBXProject section */

/* Begin PBXResourcesBuildPhase section */
		04E85EEC29893970004AB74E /* Resources */ = {
			isa = PBXResourcesBuildPhase;
			buildActionMask = 2147483647;
			files = (
				04E85EFE29893971004AB74E /* LaunchScreen.storyboard in Resources */,
				04E85EFB29893971004AB74E /* Assets.xcassets in Resources */,
			);
			runOnlyForDeploymentPostprocessing = 0;
		};
/* End PBXResourcesBuildPhase section */

/* Begin PBXSourcesBuildPhase section */
		04E85EEA29893970004AB74E /* Sources */ = {
			isa = PBXSourcesBuildPhase;
			buildActionMask = 2147483647;
			files = (
				0486C953298AD95A0010A87E /* MyAlbumCell.swift in Sources */,
				04A2C7B829A2B17100D03E95 /* SearchViewController.swift in Sources */,
				04A2C7B029A2AA5200D03E95 /* TabBarController.swift in Sources */,
				04A2C7BA29A3887F00D03E95 /* DetailViewController.swift in Sources */,
				04E85EF629893970004AB74E /* AlbumsViewController.swift in Sources */,
				0486C955298AD9E50010A87E /* MediaUtilitiesCell.swift in Sources */,
				0486C94529894F2E0010A87E /* Model.swift in Sources */,
				04E85EF229893970004AB74E /* AppDelegate.swift in Sources */,
				04E85EF429893970004AB74E /* SceneDelegate.swift in Sources */,
				04A2C7B429A2B09100D03E95 /* LibraryViewController.swift in Sources */,
				04A2C7B629A2B13E00D03E95 /* ForYouViewController.swift in Sources */,
				04A2C7A92995103200D03E95 /* HeaderCollection.swift in Sources */,
			);
			runOnlyForDeploymentPostprocessing = 0;
		};
/* End PBXSourcesBuildPhase section */

/* Begin PBXVariantGroup section */
		04E85EFC29893971004AB74E /* LaunchScreen.storyboard */ = {
			isa = PBXVariantGroup;
			children = (
				04E85EFD29893971004AB74E /* Base */,
			);
			name = LaunchScreen.storyboard;
			sourceTree = "<group>";
		};
/* End PBXVariantGroup section */

/* Begin XCBuildConfiguration section */
		04E85F0029893971004AB74E /* Debug */ = {
			isa = XCBuildConfiguration;
			buildSettings = {
				ALWAYS_SEARCH_USER_PATHS = NO;
				CLANG_ANALYZER_NONNULL = YES;
				CLANG_ANALYZER_NUMBER_OBJECT_CONVERSION = YES_AGGRESSIVE;
				CLANG_CXX_LANGUAGE_STANDARD = "gnu++20";
				CLANG_ENABLE_MODULES = YES;
				CLANG_ENABLE_OBJC_ARC = YES;
				CLANG_ENABLE_OBJC_WEAK = YES;
				CLANG_WARN_BLOCK_CAPTURE_AUTORELEASING = YES;
				CLANG_WARN_BOOL_CONVERSION = YES;
				CLANG_WARN_COMMA = YES;
				CLANG_WARN_CONSTANT_CONVERSION = YES;
				CLANG_WARN_DEPRECATED_OBJC_IMPLEMENTATIONS = YES;
				CLANG_WARN_DIRECT_OBJC_ISA_USAGE = YES_ERROR;
				CLANG_WARN_DOCUMENTATION_COMMENTS = YES;
				CLANG_WARN_EMPTY_BODY = YES;
				CLANG_WARN_ENUM_CONVERSION = YES;
				CLANG_WARN_INFINITE_RECURSION = YES;
				CLANG_WARN_INT_CONVERSION = YES;
				CLANG_WARN_NON_LITERAL_NULL_CONVERSION = YES;
				CLANG_WARN_OBJC_IMPLICIT_RETAIN_SELF = YES;
				CLANG_WARN_OBJC_LITERAL_CONVERSION = YES;
				CLANG_WARN_OBJC_ROOT_CLASS = YES_ERROR;
				CLANG_WARN_QUOTED_INCLUDE_IN_FRAMEWORK_HEADER = YES;
				CLANG_WARN_RANGE_LOOP_ANALYSIS = YES;
				CLANG_WARN_STRICT_PROTOTYPES = YES;
				CLANG_WARN_SUSPICIOUS_MOVE = YES;
				CLANG_WARN_UNGUARDED_AVAILABILITY = YES_AGGRESSIVE;
				CLANG_WARN_UNREACHABLE_CODE = YES;
				CLANG_WARN__DUPLICATE_METHOD_MATCH = YES;
				COPY_PHASE_STRIP = NO;
				DEBUG_INFORMATION_FORMAT = dwarf;
				ENABLE_STRICT_OBJC_MSGSEND = YES;
				ENABLE_TESTABILITY = YES;
				GCC_C_LANGUAGE_STANDARD = gnu11;
				GCC_DYNAMIC_NO_PIC = NO;
				GCC_NO_COMMON_BLOCKS = YES;
				GCC_OPTIMIZATION_LEVEL = 0;
				GCC_PREPROCESSOR_DEFINITIONS = (
					"DEBUG=1",
					"$(inherited)",
				);
				GCC_WARN_64_TO_32_BIT_CONVERSION = YES;
				GCC_WARN_ABOUT_RETURN_TYPE = YES_ERROR;
				GCC_WARN_UNDECLARED_SELECTOR = YES;
				GCC_WARN_UNINITIALIZED_AUTOS = YES_AGGRESSIVE;
				GCC_WARN_UNUSED_FUNCTION = YES;
				GCC_WARN_UNUSED_VARIABLE = YES;
				IPHONEOS_DEPLOYMENT_TARGET = 16.2;
				MTL_ENABLE_DEBUG_INFO = INCLUDE_SOURCE;
				MTL_FAST_MATH = YES;
				ONLY_ACTIVE_ARCH = YES;
				SDKROOT = iphoneos;
				SWIFT_ACTIVE_COMPILATION_CONDITIONS = DEBUG;
				SWIFT_OPTIMIZATION_LEVEL = "-Onone";
			};
			name = Debug;
		};
		04E85F0129893971004AB74E /* Release */ = {
			isa = XCBuildConfiguration;
			buildSettings = {
				ALWAYS_SEARCH_USER_PATHS = NO;
				CLANG_ANALYZER_NONNULL = YES;
				CLANG_ANALYZER_NUMBER_OBJECT_CONVERSION = YES_AGGRESSIVE;
				CLANG_CXX_LANGUAGE_STANDARD = "gnu++20";
				CLANG_ENABLE_MODULES = YES;
				CLANG_ENABLE_OBJC_ARC = YES;
				CLANG_ENABLE_OBJC_WEAK = YES;
				CLANG_WARN_BLOCK_CAPTURE_AUTORELEASING = YES;
				CLANG_WARN_BOOL_CONVERSION = YES;
				CLANG_WARN_COMMA = YES;
				CLANG_WARN_CONSTANT_CONVERSION = YES;
				CLANG_WARN_DEPRECATED_OBJC_IMPLEMENTATIONS = YES;
				CLANG_WARN_DIRECT_OBJC_ISA_USAGE = YES_ERROR;
				CLANG_WARN_DOCUMENTATION_COMMENTS = YES;
				CLANG_WARN_EMPTY_BODY = YES;
				CLANG_WARN_ENUM_CONVERSION = YES;
				CLANG_WARN_INFINITE_RECURSION = YES;
				CLANG_WARN_INT_CONVERSION = YES;
				CLANG_WARN_NON_LITERAL_NULL_CONVERSION = YES;
				CLANG_WARN_OBJC_IMPLICIT_RETAIN_SELF = YES;
				CLANG_WARN_OBJC_LITERAL_CONVERSION = YES;
				CLANG_WARN_OBJC_ROOT_CLASS = YES_ERROR;
				CLANG_WARN_QUOTED_INCLUDE_IN_FRAMEWORK_HEADER = YES;
				CLANG_WARN_RANGE_LOOP_ANALYSIS = YES;
				CLANG_WARN_STRICT_PROTOTYPES = YES;
				CLANG_WARN_SUSPICIOUS_MOVE = YES;
				CLANG_WARN_UNGUARDED_AVAILABILITY = YES_AGGRESSIVE;
				CLANG_WARN_UNREACHABLE_CODE = YES;
				CLANG_WARN__DUPLICATE_METHOD_MATCH = YES;
				COPY_PHASE_STRIP = NO;
				DEBUG_INFORMATION_FORMAT = "dwarf-with-dsym";
				ENABLE_NS_ASSERTIONS = NO;
				ENABLE_STRICT_OBJC_MSGSEND = YES;
				GCC_C_LANGUAGE_STANDARD = gnu11;
				GCC_NO_COMMON_BLOCKS = YES;
				GCC_WARN_64_TO_32_BIT_CONVERSION = YES;
				GCC_WARN_ABOUT_RETURN_TYPE = YES_ERROR;
				GCC_WARN_UNDECLARED_SELECTOR = YES;
				GCC_WARN_UNINITIALIZED_AUTOS = YES_AGGRESSIVE;
				GCC_WARN_UNUSED_FUNCTION = YES;
				GCC_WARN_UNUSED_VARIABLE = YES;
				IPHONEOS_DEPLOYMENT_TARGET = 16.2;
				MTL_ENABLE_DEBUG_INFO = NO;
				MTL_FAST_MATH = YES;
				SDKROOT = iphoneos;
				SWIFT_COMPILATION_MODE = wholemodule;
				SWIFT_OPTIMIZATION_LEVEL = "-O";
				VALIDATE_PRODUCT = YES;
			};
			name = Release;
		};
		04E85F0329893971004AB74E /* Debug */ = {
			isa = XCBuildConfiguration;
			buildSettings = {
				ASSETCATALOG_COMPILER_APPICON_NAME = AppIcon;
				ASSETCATALOG_COMPILER_GLOBAL_ACCENT_COLOR_NAME = AccentColor;
				CODE_SIGN_STYLE = Automatic;
				CURRENT_PROJECT_VERSION = 1;
				DEVELOPMENT_TEAM = TBKRN76F6S;
				GENERATE_INFOPLIST_FILE = YES;
				INFOPLIST_FILE = PhotoGalleryApp/Resources/Info.plist;
				INFOPLIST_KEY_UIApplicationSupportsIndirectInputEvents = YES;
				INFOPLIST_KEY_UILaunchStoryboardName = LaunchScreen;
				INFOPLIST_KEY_UISupportedInterfaceOrientations_iPad = "UIInterfaceOrientationPortrait UIInterfaceOrientationPortraitUpsideDown UIInterfaceOrientationLandscapeLeft UIInterfaceOrientationLandscapeRight";
				INFOPLIST_KEY_UISupportedInterfaceOrientations_iPhone = "UIInterfaceOrientationPortrait UIInterfaceOrientationLandscapeLeft UIInterfaceOrientationLandscapeRight";
				LD_RUNPATH_SEARCH_PATHS = (
					"$(inherited)",
					"@executable_path/Frameworks",
				);
				MARKETING_VERSION = 1.0;
				PRODUCT_BUNDLE_IDENTIFIER = VitaliyMolokov.PhotoGalleryApp;
				PRODUCT_NAME = "$(TARGET_NAME)";
				SWIFT_EMIT_LOC_STRINGS = YES;
				SWIFT_VERSION = 5.0;
				TARGETED_DEVICE_FAMILY = "1,2";
			};
			name = Debug;
		};
		04E85F0429893971004AB74E /* Release */ = {
			isa = XCBuildConfiguration;
			buildSettings = {
				ASSETCATALOG_COMPILER_APPICON_NAME = AppIcon;
				ASSETCATALOG_COMPILER_GLOBAL_ACCENT_COLOR_NAME = AccentColor;
				CODE_SIGN_STYLE = Automatic;
				CURRENT_PROJECT_VERSION = 1;
				DEVELOPMENT_TEAM = TBKRN76F6S;
				GENERATE_INFOPLIST_FILE = YES;
				INFOPLIST_FILE = PhotoGalleryApp/Resources/Info.plist;
				INFOPLIST_KEY_UIApplicationSupportsIndirectInputEvents = YES;
				INFOPLIST_KEY_UILaunchStoryboardName = LaunchScreen;
				INFOPLIST_KEY_UISupportedInterfaceOrientations_iPad = "UIInterfaceOrientationPortrait UIInterfaceOrientationPortraitUpsideDown UIInterfaceOrientationLandscapeLeft UIInterfaceOrientationLandscapeRight";
				INFOPLIST_KEY_UISupportedInterfaceOrientations_iPhone = "UIInterfaceOrientationPortrait UIInterfaceOrientationLandscapeLeft UIInterfaceOrientationLandscapeRight";
				LD_RUNPATH_SEARCH_PATHS = (
					"$(inherited)",
					"@executable_path/Frameworks",
				);
				MARKETING_VERSION = 1.0;
				PRODUCT_BUNDLE_IDENTIFIER = VitaliyMolokov.PhotoGalleryApp;
				PRODUCT_NAME = "$(TARGET_NAME)";
				SWIFT_EMIT_LOC_STRINGS = YES;
				SWIFT_VERSION = 5.0;
				TARGETED_DEVICE_FAMILY = "1,2";
			};
			name = Release;
		};
/* End XCBuildConfiguration section */

/* Begin XCConfigurationList section */
		04E85EE929893970004AB74E /* Build configuration list for PBXProject "PhotoGalleryApp" */ = {
			isa = XCConfigurationList;
			buildConfigurations = (
				04E85F0029893971004AB74E /* Debug */,
				04E85F0129893971004AB74E /* Release */,
			);
			defaultConfigurationIsVisible = 0;
			defaultConfigurationName = Release;
		};
		04E85F0229893971004AB74E /* Build configuration list for PBXNativeTarget "PhotoGalleryApp" */ = {
			isa = XCConfigurationList;
			buildConfigurations = (
				04E85F0329893971004AB74E /* Debug */,
				04E85F0429893971004AB74E /* Release */,
			);
			defaultConfigurationIsVisible = 0;
			defaultConfigurationName = Release;
		};
/* End XCConfigurationList section */

/* Begin XCRemoteSwiftPackageReference section */
		0486C941298948A60010A87E /* XCRemoteSwiftPackageReference "SnapKit" */ = {
			isa = XCRemoteSwiftPackageReference;
			repositoryURL = "https://github.com/SnapKit/SnapKit";
			requirement = {
				branch = develop;
				kind = branch;
			};
		};
/* End XCRemoteSwiftPackageReference section */

/* Begin XCSwiftPackageProductDependency section */
		0486C942298948A60010A87E /* SnapKit */ = {
			isa = XCSwiftPackageProductDependency;
			package = 0486C941298948A60010A87E /* XCRemoteSwiftPackageReference "SnapKit" */;
			productName = SnapKit;
		};
/* End XCSwiftPackageProductDependency section */
	};
	rootObject = 04E85EE629893970004AB74E /* Project object */;
}
